{
  "name": "lit-element-redux",
  "version": "1.0.0",
  "lockfileVersion": 1,
  "requires": true,
  "dependencies": {
    "@polymer/lit-element": {
      "version": "0.5.2",
      "resolved": "https://registry.npmjs.org/@polymer/lit-element/-/lit-element-0.5.2.tgz",
      "integrity": "sha512-7v/UlqVO05YuFCxxtC7jpuMQuDiPxArO7gACHqZ3uFd9/BM9YTdktX3bKRTnKTFUaPuNWWoPGvpAe2WOQCH2Pw==",
      "requires": {
        "@polymer/polymer": "^3.0.2",
        "lit-html": "^0.10.0"
      }
    },
    "@polymer/polymer": {
      "version": "3.0.5",
      "resolved": "https://registry.npmjs.org/@polymer/polymer/-/polymer-3.0.5.tgz",
      "integrity": "sha512-Zbmhtr5vZ3NoHWwFYLKI4ff7yfE6DZopI8vaS7HvmUIuNqsv/EpEDXfNEYjqePQmkMX5LU9OIKV1eX/+9aveow==",
      "requires": {
        "@webcomponents/shadycss": "^1.2.0"
      }
    },
    "@webcomponents/shadycss": {
      "version": "1.4.0",
      "resolved": "https://registry.npmjs.org/@webcomponents/shadycss/-/shadycss-1.4.0.tgz",
      "integrity": "sha512-/OK+M06S9YbnTXAHm1QtHhONo0msBej/V84x3ZpSV+sJa1jp/FfOv0mW0IWdluU94QlVrPnJxK2t+Czggfivig=="
    },
    "@webcomponents/webcomponentsjs": {
      "version": "2.0.4",
      "resolved": "https://registry.npmjs.org/@webcomponents/webcomponentsjs/-/webcomponentsjs-2.0.4.tgz",
      "integrity": "sha512-wzPSTmwjAd/0oKW36Yi+cB/BmDrHhcHqGlbqqMjrbPIFkt5Mw7wtvEZQouCrQyBNnRquUhRnSWIBrRijHNBBKg=="
    },
    "js-tokens": {
      "version": "4.0.0",
      "resolved": "https://registry.npmjs.org/js-tokens/-/js-tokens-4.0.0.tgz",
      "integrity": "sha512-RdJUflcE3cUzKiMqQgsCu06FPu9UdIJO0beYbPhHN4k6apgJtifcoCtT9bcxOpYBtpD2kCM6Sbzg4CausW/PKQ=="
    },
    "lit-html": {
      "version": "0.10.2",
      "resolved": "https://registry.npmjs.org/lit-html/-/lit-html-0.10.2.tgz",
      "integrity": "sha512-ue0pIX3Fj5gUsNSozdRQIb1MAgNqFQsHgvHE/FU34xyu9NN/af3EISr7Bb+vP9YeLXIA4vLLOoYp2Z22dVYhww=="
    },
    "loose-envify": {
      "version": "1.4.0",
      "resolved": "https://registry.npmjs.org/loose-envify/-/loose-envify-1.4.0.tgz",
      "integrity": "sha512-lyuxPGr/Wfhrlem2CL/UcnUc1zcqKAImBDzukY7Y5F/yQiNdko6+fRLevlw1HgMySw7f611UIY408EtxRSoK3Q==",
      "requires": {
        "js-tokens": "^3.0.0 || ^4.0.0"
      }
    },
    "redux": {
      "version": "4.0.0",
      "resolved": "https://registry.npmjs.org/redux/-/redux-4.0.0.tgz",
      "integrity": "sha512-NnnHF0h0WVE/hXyrB6OlX67LYRuaf/rJcbWvnHHEPCF/Xa/AZpwhs/20WyqzQae5x4SD2F9nPObgBh2rxAgLiA==",
      "requires": {
        "loose-envify": "^1.1.0",
        "symbol-observable": "^1.2.0"
      }
    },
    "symbol-observable": {
      "version": "1.2.0",
      "resolved": "https://registry.npmjs.org/symbol-observable/-/symbol-observable-1.2.0.tgz",
      "integrity": "sha512-e900nM8RRtGhlV36KGEU9k65K3mPb1WV70OdjfxlG2EAuM1noi/E/BaW/uMhL7bPEssK8QV57vN3esixjUvcXQ=="
    }
  }
}
